// !$*UTF8*$!
{
	archiveVersion = 1;
	classes = {
	};
	objectVersion = 46;
	objects = {

/* Begin PBXBuildFile section */
		8595128416E2C003002A3485 /* UIKit.framework in Frameworks */ = {isa = PBXBuildFile; fileRef = 8595128316E2C003002A3485 /* UIKit.framework */; };
		8595128616E2C003002A3485 /* Foundation.framework in Frameworks */ = {isa = PBXBuildFile; fileRef = 8595128516E2C003002A3485 /* Foundation.framework */; };
		8595128816E2C003002A3485 /* CoreGraphics.framework in Frameworks */ = {isa = PBXBuildFile; fileRef = 8595128716E2C003002A3485 /* CoreGraphics.framework */; };
		8595128E16E2C003002A3485 /* InfoPlist.strings in Resources */ = {isa = PBXBuildFile; fileRef = 8595128C16E2C003002A3485 /* InfoPlist.strings */; };
		8595129016E2C003002A3485 /* main.m in Sources */ = {isa = PBXBuildFile; fileRef = 8595128F16E2C003002A3485 /* main.m */; };
		8595129416E2C003002A3485 /* AppDelegate.m in Sources */ = {isa = PBXBuildFile; fileRef = 8595129316E2C003002A3485 /* AppDelegate.m */; };
		8595129616E2C003002A3485 /* Default.png in Resources */ = {isa = PBXBuildFile; fileRef = 8595129516E2C003002A3485 /* Default.png */; };
		8595129816E2C003002A3485 /* Default@2x.png in Resources */ = {isa = PBXBuildFile; fileRef = 8595129716E2C003002A3485 /* Default@2x.png */; };
		8595129A16E2C003002A3485 /* Default-568h@2x.png in Resources */ = {isa = PBXBuildFile; fileRef = 8595129916E2C003002A3485 /* Default-568h@2x.png */; };
		8595129D16E2C003002A3485 /* MainStoryboard.storyboard in Resources */ = {isa = PBXBuildFile; fileRef = 8595129B16E2C003002A3485 /* MainStoryboard.storyboard */; };
		859512A016E2C003002A3485 /* ViewController.m in Sources */ = {isa = PBXBuildFile; fileRef = 8595129F16E2C003002A3485 /* ViewController.m */; };
		859512A816E2C003002A3485 /* SenTestingKit.framework in Frameworks */ = {isa = PBXBuildFile; fileRef = 859512A716E2C003002A3485 /* SenTestingKit.framework */; };
		859512A916E2C003002A3485 /* UIKit.framework in Frameworks */ = {isa = PBXBuildFile; fileRef = 8595128316E2C003002A3485 /* UIKit.framework */; };
		859512AA16E2C003002A3485 /* Foundation.framework in Frameworks */ = {isa = PBXBuildFile; fileRef = 8595128516E2C003002A3485 /* Foundation.framework */; };
		859512B216E2C003002A3485 /* InfoPlist.strings in Resources */ = {isa = PBXBuildFile; fileRef = 859512B016E2C003002A3485 /* InfoPlist.strings */; };
		859512B516E2C003002A3485 /* MotorCadeTests.m in Sources */ = {isa = PBXBuildFile; fileRef = 859512B416E2C003002A3485 /* MotorCadeTests.m */; };
		859731AF16E2D36900F49678 /* libicucore.dylib in Frameworks */ = {isa = PBXBuildFile; fileRef = 859731AE16E2D36800F49678 /* libicucore.dylib */; };
		859731B116E2D37100F49678 /* CFNetwork.framework in Frameworks */ = {isa = PBXBuildFile; fileRef = 859731B016E2D37100F49678 /* CFNetwork.framework */; };
		859731B316E2D37B00F49678 /* Security.framework in Frameworks */ = {isa = PBXBuildFile; fileRef = 859731B216E2D37B00F49678 /* Security.framework */; };
		859731B516E2D49400F49678 /* Firebase.framework in Frameworks */ = {isa = PBXBuildFile; fileRef = 859731B416E2D49400F49678 /* Firebase.framework */; };
		859731B716E2EB8B00F49678 /* AVFoundation.framework in Frameworks */ = {isa = PBXBuildFile; fileRef = 859731B616E2EB8B00F49678 /* AVFoundation.framework */; };
		859731B916E2EB9800F49678 /* AudioToolbox.framework in Frameworks */ = {isa = PBXBuildFile; fileRef = 859731B816E2EB9800F49678 /* AudioToolbox.framework */; };
		859731BB16E2EB9D00F49678 /* CoreMedia.framework in Frameworks */ = {isa = PBXBuildFile; fileRef = 859731BA16E2EB9D00F49678 /* CoreMedia.framework */; };
		859731BD16E2EBA300F49678 /* CoreVideo.framework in Frameworks */ = {isa = PBXBuildFile; fileRef = 859731BC16E2EBA300F49678 /* CoreVideo.framework */; };
		859731BF16E2EBA900F49678 /* MobileCoreServices.framework in Frameworks */ = {isa = PBXBuildFile; fileRef = 859731BE16E2EBA900F49678 /* MobileCoreServices.framework */; };
		859731C116E2EBAF00F49678 /* OpenGLES.framework in Frameworks */ = {isa = PBXBuildFile; fileRef = 859731C016E2EBAF00F49678 /* OpenGLES.framework */; };
		859731C316E2EBB500F49678 /* QuartzCore.framework in Frameworks */ = {isa = PBXBuildFile; fileRef = 859731C216E2EBB500F49678 /* QuartzCore.framework */; };
		859731CB16E2FBFD00F49678 /* libCardIO.a in Frameworks */ = {isa = PBXBuildFile; fileRef = 859731CA16E2FBFD00F49678 /* libCardIO.a */; };
		859731CD16E3055600F49678 /* Screen Shot 2013-03-02 at 8.10.56 PM.png in Resources */ = {isa = PBXBuildFile; fileRef = 859731CC16E3055600F49678 /* Screen Shot 2013-03-02 at 8.10.56 PM.png */; };
		859731CF16E305A400F49678 /* iconSmall.png in Resources */ = {isa = PBXBuildFile; fileRef = 859731CE16E305A400F49678 /* iconSmall.png */; };
		EB7609B716E3F9440064A405 /* small_one.png in Resources */ = {isa = PBXBuildFile; fileRef = EB7609B116E3F9440064A405 /* small_one.png */; };
		EB7609B816E3F9440064A405 /* small_two.png in Resources */ = {isa = PBXBuildFile; fileRef = EB7609B216E3F9440064A405 /* small_two.png */; };
		EB7609B916E3F9440064A405 /* small_three.png in Resources */ = {isa = PBXBuildFile; fileRef = EB7609B316E3F9440064A405 /* small_three.png */; };
		EB7609BA16E3F9440064A405 /* small_four.png in Resources */ = {isa = PBXBuildFile; fileRef = EB7609B416E3F9440064A405 /* small_four.png */; };
		EB7609BB16E3F9440064A405 /* small_five.png in Resources */ = {isa = PBXBuildFile; fileRef = EB7609B516E3F9440064A405 /* small_five.png */; };
		EB7609BC16E3F9440064A405 /* small_six.png in Resources */ = {isa = PBXBuildFile; fileRef = EB7609B616E3F9440064A405 /* small_six.png */; };
		EB7609C016E404980064A405 /* TourViewController.m in Sources */ = {isa = PBXBuildFile; fileRef = EB7609BF16E404980064A405 /* TourViewController.m */; };
		EB7609C116E404980064A405 /* TourViewController.m in Sources */ = {isa = PBXBuildFile; fileRef = EB7609BF16E404980064A405 /* TourViewController.m */; };
		EB7609C316E40A830064A405 /* tour.plist in Resources */ = {isa = PBXBuildFile; fileRef = EB7609C216E40A830064A405 /* tour.plist */; };
		EB7609C416E40A830064A405 /* tour.plist in Resources */ = {isa = PBXBuildFile; fileRef = EB7609C216E40A830064A405 /* tour.plist */; };
/* End PBXBuildFile section */

/* Begin PBXContainerItemProxy section */
		859512AB16E2C003002A3485 /* PBXContainerItemProxy */ = {
			isa = PBXContainerItemProxy;
			containerPortal = 8595127816E2C003002A3485 /* Project object */;
			proxyType = 1;
			remoteGlobalIDString = 8595127F16E2C003002A3485;
			remoteInfo = MotorCade;
		};
/* End PBXContainerItemProxy section */

/* Begin PBXFileReference section */
		8595128016E2C003002A3485 /* MotorCade.app */ = {isa = PBXFileReference; explicitFileType = wrapper.application; includeInIndex = 0; path = MotorCade.app; sourceTree = BUILT_PRODUCTS_DIR; };
		8595128316E2C003002A3485 /* UIKit.framework */ = {isa = PBXFileReference; lastKnownFileType = wrapper.framework; name = UIKit.framework; path = System/Library/Frameworks/UIKit.framework; sourceTree = SDKROOT; };
		8595128516E2C003002A3485 /* Foundation.framework */ = {isa = PBXFileReference; lastKnownFileType = wrapper.framework; name = Foundation.framework; path = System/Library/Frameworks/Foundation.framework; sourceTree = SDKROOT; };
		8595128716E2C003002A3485 /* CoreGraphics.framework */ = {isa = PBXFileReference; lastKnownFileType = wrapper.framework; name = CoreGraphics.framework; path = System/Library/Frameworks/CoreGraphics.framework; sourceTree = SDKROOT; };
		8595128B16E2C003002A3485 /* MotorCade-Info.plist */ = {isa = PBXFileReference; lastKnownFileType = text.plist.xml; path = "MotorCade-Info.plist"; sourceTree = "<group>"; };
		8595128D16E2C003002A3485 /* en */ = {isa = PBXFileReference; lastKnownFileType = text.plist.strings; name = en; path = en.lproj/InfoPlist.strings; sourceTree = "<group>"; };
		8595128F16E2C003002A3485 /* main.m */ = {isa = PBXFileReference; lastKnownFileType = sourcecode.c.objc; path = main.m; sourceTree = "<group>"; };
		8595129116E2C003002A3485 /* MotorCade-Prefix.pch */ = {isa = PBXFileReference; lastKnownFileType = sourcecode.c.h; path = "MotorCade-Prefix.pch"; sourceTree = "<group>"; };
		8595129216E2C003002A3485 /* AppDelegate.h */ = {isa = PBXFileReference; lastKnownFileType = sourcecode.c.h; path = AppDelegate.h; sourceTree = "<group>"; };
		8595129316E2C003002A3485 /* AppDelegate.m */ = {isa = PBXFileReference; lastKnownFileType = sourcecode.c.objc; path = AppDelegate.m; sourceTree = "<group>"; };
		8595129516E2C003002A3485 /* Default.png */ = {isa = PBXFileReference; lastKnownFileType = image.png; path = Default.png; sourceTree = "<group>"; };
		8595129716E2C003002A3485 /* Default@2x.png */ = {isa = PBXFileReference; lastKnownFileType = image.png; path = "Default@2x.png"; sourceTree = "<group>"; };
		8595129916E2C003002A3485 /* Default-568h@2x.png */ = {isa = PBXFileReference; lastKnownFileType = image.png; path = "Default-568h@2x.png"; sourceTree = "<group>"; };
		8595129C16E2C003002A3485 /* en */ = {isa = PBXFileReference; lastKnownFileType = file.storyboard; name = en; path = en.lproj/MainStoryboard.storyboard; sourceTree = "<group>"; };
		8595129E16E2C003002A3485 /* ViewController.h */ = {isa = PBXFileReference; lastKnownFileType = sourcecode.c.h; path = ViewController.h; sourceTree = "<group>"; };
		8595129F16E2C003002A3485 /* ViewController.m */ = {isa = PBXFileReference; lastKnownFileType = sourcecode.c.objc; path = ViewController.m; sourceTree = "<group>"; };
		859512A616E2C003002A3485 /* MotorCadeTests.octest */ = {isa = PBXFileReference; explicitFileType = wrapper.cfbundle; includeInIndex = 0; path = MotorCadeTests.octest; sourceTree = BUILT_PRODUCTS_DIR; };
		859512A716E2C003002A3485 /* SenTestingKit.framework */ = {isa = PBXFileReference; lastKnownFileType = wrapper.framework; name = SenTestingKit.framework; path = Library/Frameworks/SenTestingKit.framework; sourceTree = DEVELOPER_DIR; };
		859512AF16E2C003002A3485 /* MotorCadeTests-Info.plist */ = {isa = PBXFileReference; lastKnownFileType = text.plist.xml; path = "MotorCadeTests-Info.plist"; sourceTree = "<group>"; };
		859512B116E2C003002A3485 /* en */ = {isa = PBXFileReference; lastKnownFileType = text.plist.strings; name = en; path = en.lproj/InfoPlist.strings; sourceTree = "<group>"; };
		859512B316E2C003002A3485 /* MotorCadeTests.h */ = {isa = PBXFileReference; lastKnownFileType = sourcecode.c.h; path = MotorCadeTests.h; sourceTree = "<group>"; };
		859512B416E2C003002A3485 /* MotorCadeTests.m */ = {isa = PBXFileReference; lastKnownFileType = sourcecode.c.objc; path = MotorCadeTests.m; sourceTree = "<group>"; };
		859731AE16E2D36800F49678 /* libicucore.dylib */ = {isa = PBXFileReference; lastKnownFileType = "compiled.mach-o.dylib"; name = libicucore.dylib; path = usr/lib/libicucore.dylib; sourceTree = SDKROOT; };
		859731B016E2D37100F49678 /* CFNetwork.framework */ = {isa = PBXFileReference; lastKnownFileType = wrapper.framework; name = CFNetwork.framework; path = System/Library/Frameworks/CFNetwork.framework; sourceTree = SDKROOT; };
		859731B216E2D37B00F49678 /* Security.framework */ = {isa = PBXFileReference; lastKnownFileType = wrapper.framework; name = Security.framework; path = System/Library/Frameworks/Security.framework; sourceTree = SDKROOT; };
		859731B416E2D49400F49678 /* Firebase.framework */ = {isa = PBXFileReference; lastKnownFileType = wrapper.framework; name = Firebase.framework; path = MotorCade/Firebase.framework; sourceTree = "<group>"; };
		859731B616E2EB8B00F49678 /* AVFoundation.framework */ = {isa = PBXFileReference; lastKnownFileType = wrapper.framework; name = AVFoundation.framework; path = System/Library/Frameworks/AVFoundation.framework; sourceTree = SDKROOT; };
		859731B816E2EB9800F49678 /* AudioToolbox.framework */ = {isa = PBXFileReference; lastKnownFileType = wrapper.framework; name = AudioToolbox.framework; path = System/Library/Frameworks/AudioToolbox.framework; sourceTree = SDKROOT; };
		859731BA16E2EB9D00F49678 /* CoreMedia.framework */ = {isa = PBXFileReference; lastKnownFileType = wrapper.framework; name = CoreMedia.framework; path = System/Library/Frameworks/CoreMedia.framework; sourceTree = SDKROOT; };
		859731BC16E2EBA300F49678 /* CoreVideo.framework */ = {isa = PBXFileReference; lastKnownFileType = wrapper.framework; name = CoreVideo.framework; path = System/Library/Frameworks/CoreVideo.framework; sourceTree = SDKROOT; };
		859731BE16E2EBA900F49678 /* MobileCoreServices.framework */ = {isa = PBXFileReference; lastKnownFileType = wrapper.framework; name = MobileCoreServices.framework; path = System/Library/Frameworks/MobileCoreServices.framework; sourceTree = SDKROOT; };
		859731C016E2EBAF00F49678 /* OpenGLES.framework */ = {isa = PBXFileReference; lastKnownFileType = wrapper.framework; name = OpenGLES.framework; path = System/Library/Frameworks/OpenGLES.framework; sourceTree = SDKROOT; };
		859731C216E2EBB500F49678 /* QuartzCore.framework */ = {isa = PBXFileReference; lastKnownFileType = wrapper.framework; name = QuartzCore.framework; path = System/Library/Frameworks/QuartzCore.framework; sourceTree = SDKROOT; };
		859731C616E2FBFD00F49678 /* CardIO.h */ = {isa = PBXFileReference; fileEncoding = 4; lastKnownFileType = sourcecode.c.h; path = CardIO.h; sourceTree = "<group>"; };
		859731C716E2FBFD00F49678 /* CardIOCreditCardInfo.h */ = {isa = PBXFileReference; fileEncoding = 4; lastKnownFileType = sourcecode.c.h; path = CardIOCreditCardInfo.h; sourceTree = "<group>"; };
		859731C816E2FBFD00F49678 /* CardIOPaymentViewController.h */ = {isa = PBXFileReference; fileEncoding = 4; lastKnownFileType = sourcecode.c.h; path = CardIOPaymentViewController.h; sourceTree = "<group>"; };
		859731C916E2FBFD00F49678 /* CardIOPaymentViewControllerDelegate.h */ = {isa = PBXFileReference; fileEncoding = 4; lastKnownFileType = sourcecode.c.h; path = CardIOPaymentViewControllerDelegate.h; sourceTree = "<group>"; };
		859731CA16E2FBFD00F49678 /* libCardIO.a */ = {isa = PBXFileReference; lastKnownFileType = archive.ar; path = libCardIO.a; sourceTree = "<group>"; };
		859731CC16E3055600F49678 /* Screen Shot 2013-03-02 at 8.10.56 PM.png */ = {isa = PBXFileReference; lastKnownFileType = image.png; path = "Screen Shot 2013-03-02 at 8.10.56 PM.png"; sourceTree = "<group>"; };
		859731CE16E305A400F49678 /* iconSmall.png */ = {isa = PBXFileReference; lastKnownFileType = image.png; path = iconSmall.png; sourceTree = "<group>"; };
		EB7609B116E3F9440064A405 /* small_one.png */ = {isa = PBXFileReference; lastKnownFileType = image.png; path = small_one.png; sourceTree = "<group>"; };
		EB7609B216E3F9440064A405 /* small_two.png */ = {isa = PBXFileReference; lastKnownFileType = image.png; path = small_two.png; sourceTree = "<group>"; };
		EB7609B316E3F9440064A405 /* small_three.png */ = {isa = PBXFileReference; lastKnownFileType = image.png; path = small_three.png; sourceTree = "<group>"; };
		EB7609B416E3F9440064A405 /* small_four.png */ = {isa = PBXFileReference; lastKnownFileType = image.png; path = small_four.png; sourceTree = "<group>"; };
		EB7609B516E3F9440064A405 /* small_five.png */ = {isa = PBXFileReference; lastKnownFileType = image.png; path = small_five.png; sourceTree = "<group>"; };
		EB7609B616E3F9440064A405 /* small_six.png */ = {isa = PBXFileReference; lastKnownFileType = image.png; path = small_six.png; sourceTree = "<group>"; };
		EB7609BE16E404980064A405 /* TourViewController.h */ = {isa = PBXFileReference; fileEncoding = 4; lastKnownFileType = sourcecode.c.h; path = TourViewController.h; sourceTree = "<group>"; };
		EB7609BF16E404980064A405 /* TourViewController.m */ = {isa = PBXFileReference; fileEncoding = 4; lastKnownFileType = sourcecode.c.objc; path = TourViewController.m; sourceTree = "<group>"; };
		EB7609C216E40A830064A405 /* tour.plist */ = {isa = PBXFileReference; fileEncoding = 4; lastKnownFileType = text.plist.xml; path = tour.plist; sourceTree = "<group>"; };
/* End PBXFileReference section */

/* Begin PBXFrameworksBuildPhase section */
		8595127D16E2C003002A3485 /* Frameworks */ = {
			isa = PBXFrameworksBuildPhase;
			buildActionMask = 2147483647;
			files = (
				859731B316E2D37B00F49678 /* Security.framework in Frameworks */,
				859731C316E2EBB500F49678 /* QuartzCore.framework in Frameworks */,
				859731C116E2EBAF00F49678 /* OpenGLES.framework in Frameworks */,
				859731BF16E2EBA900F49678 /* MobileCoreServices.framework in Frameworks */,
				859731BD16E2EBA300F49678 /* CoreVideo.framework in Frameworks */,
				859731BB16E2EB9D00F49678 /* CoreMedia.framework in Frameworks */,
				859731B916E2EB9800F49678 /* AudioToolbox.framework in Frameworks */,
				859731B716E2EB8B00F49678 /* AVFoundation.framework in Frameworks */,
				8595128616E2C003002A3485 /* Foundation.framework in Frameworks */,
				859731B116E2D37100F49678 /* CFNetwork.framework in Frameworks */,
				859731AF16E2D36900F49678 /* libicucore.dylib in Frameworks */,
				8595128416E2C003002A3485 /* UIKit.framework in Frameworks */,
				8595128816E2C003002A3485 /* CoreGraphics.framework in Frameworks */,
				859731B516E2D49400F49678 /* Firebase.framework in Frameworks */,
				859731CB16E2FBFD00F49678 /* libCardIO.a in Frameworks */,
			);
			runOnlyForDeploymentPostprocessing = 0;
		};
		859512A216E2C003002A3485 /* Frameworks */ = {
			isa = PBXFrameworksBuildPhase;
			buildActionMask = 2147483647;
			files = (
				859512A816E2C003002A3485 /* SenTestingKit.framework in Frameworks */,
				859512A916E2C003002A3485 /* UIKit.framework in Frameworks */,
				859512AA16E2C003002A3485 /* Foundation.framework in Frameworks */,
			);
			runOnlyForDeploymentPostprocessing = 0;
		};
/* End PBXFrameworksBuildPhase section */

/* Begin PBXGroup section */
		8595127716E2C003002A3485 = {
			isa = PBXGroup;
			children = (
				859731CE16E305A400F49678 /* iconSmall.png */,
				859731CC16E3055600F49678 /* Screen Shot 2013-03-02 at 8.10.56 PM.png */,
				8595128916E2C003002A3485 /* MotorCade */,
				859512AD16E2C003002A3485 /* MotorCadeTests */,
				8595128216E2C003002A3485 /* Frameworks */,
				8595128116E2C003002A3485 /* Products */,
			);
			sourceTree = "<group>";
		};
		8595128116E2C003002A3485 /* Products */ = {
			isa = PBXGroup;
			children = (
				8595128016E2C003002A3485 /* MotorCade.app */,
				859512A616E2C003002A3485 /* MotorCadeTests.octest */,
			);
			name = Products;
			sourceTree = "<group>";
		};
		8595128216E2C003002A3485 /* Frameworks */ = {
			isa = PBXGroup;
			children = (
				859731C216E2EBB500F49678 /* QuartzCore.framework */,
				859731C016E2EBAF00F49678 /* OpenGLES.framework */,
				859731BE16E2EBA900F49678 /* MobileCoreServices.framework */,
				859731BC16E2EBA300F49678 /* CoreVideo.framework */,
				859731BA16E2EB9D00F49678 /* CoreMedia.framework */,
				859731B816E2EB9800F49678 /* AudioToolbox.framework */,
				859731B616E2EB8B00F49678 /* AVFoundation.framework */,
				859731B416E2D49400F49678 /* Firebase.framework */,
				859731B216E2D37B00F49678 /* Security.framework */,
				859731B016E2D37100F49678 /* CFNetwork.framework */,
				859731AE16E2D36800F49678 /* libicucore.dylib */,
				8595128316E2C003002A3485 /* UIKit.framework */,
				8595128516E2C003002A3485 /* Foundation.framework */,
				8595128716E2C003002A3485 /* CoreGraphics.framework */,
				859512A716E2C003002A3485 /* SenTestingKit.framework */,
			);
			name = Frameworks;
			sourceTree = "<group>";
		};
		8595128916E2C003002A3485 /* MotorCade */ = {
			isa = PBXGroup;
			children = (
				EB7609AD16E3F8C40064A405 /* Tour */,
				859731C516E2FBFD00F49678 /* CardIO */,
				8595129216E2C003002A3485 /* AppDelegate.h */,
				8595129316E2C003002A3485 /* AppDelegate.m */,
				8595129B16E2C003002A3485 /* MainStoryboard.storyboard */,
				8595129E16E2C003002A3485 /* ViewController.h */,
				8595129F16E2C003002A3485 /* ViewController.m */,
				8595128A16E2C003002A3485 /* Supporting Files */,
			);
			path = MotorCade;
			sourceTree = "<group>";
		};
		8595128A16E2C003002A3485 /* Supporting Files */ = {
			isa = PBXGroup;
			children = (
				8595128B16E2C003002A3485 /* MotorCade-Info.plist */,
				8595128C16E2C003002A3485 /* InfoPlist.strings */,
				8595128F16E2C003002A3485 /* main.m */,
				8595129116E2C003002A3485 /* MotorCade-Prefix.pch */,
				8595129516E2C003002A3485 /* Default.png */,
				8595129716E2C003002A3485 /* Default@2x.png */,
				8595129916E2C003002A3485 /* Default-568h@2x.png */,
			);
			name = "Supporting Files";
			sourceTree = "<group>";
		};
		859512AD16E2C003002A3485 /* MotorCadeTests */ = {
			isa = PBXGroup;
			children = (
				859512B316E2C003002A3485 /* MotorCadeTests.h */,
				859512B416E2C003002A3485 /* MotorCadeTests.m */,
				859512AE16E2C003002A3485 /* Supporting Files */,
			);
			path = MotorCadeTests;
			sourceTree = "<group>";
		};
		859512AE16E2C003002A3485 /* Supporting Files */ = {
			isa = PBXGroup;
			children = (
				859512AF16E2C003002A3485 /* MotorCadeTests-Info.plist */,
				859512B016E2C003002A3485 /* InfoPlist.strings */,
			);
			name = "Supporting Files";
			sourceTree = "<group>";
		};
		859731C516E2FBFD00F49678 /* CardIO */ = {
			isa = PBXGroup;
			children = (
				859731C616E2FBFD00F49678 /* CardIO.h */,
				859731C716E2FBFD00F49678 /* CardIOCreditCardInfo.h */,
				859731C816E2FBFD00F49678 /* CardIOPaymentViewController.h */,
				859731C916E2FBFD00F49678 /* CardIOPaymentViewControllerDelegate.h */,
				859731CA16E2FBFD00F49678 /* libCardIO.a */,
			);
			path = CardIO;
			sourceTree = "<group>";
		};
		EB7609AD16E3F8C40064A405 /* Tour */ = {
			isa = PBXGroup;
			children = (
				EB7609C216E40A830064A405 /* tour.plist */,
				EB7609BD16E3F94A0064A405 /* SmallImages */,
				EB7609BE16E404980064A405 /* TourViewController.h */,
				EB7609BF16E404980064A405 /* TourViewController.m */,
			);
			name = Tour;
			sourceTree = "<group>";
		};
		EB7609BD16E3F94A0064A405 /* SmallImages */ = {
			isa = PBXGroup;
			children = (
				EB7609B116E3F9440064A405 /* small_one.png */,
				EB7609B216E3F9440064A405 /* small_two.png */,
				EB7609B316E3F9440064A405 /* small_three.png */,
				EB7609B416E3F9440064A405 /* small_four.png */,
				EB7609B516E3F9440064A405 /* small_five.png */,
				EB7609B616E3F9440064A405 /* small_six.png */,
			);
			name = SmallImages;
			sourceTree = "<group>";
		};
/* End PBXGroup section */

/* Begin PBXNativeTarget section */
		8595127F16E2C003002A3485 /* MotorCade */ = {
			isa = PBXNativeTarget;
			buildConfigurationList = 859512B816E2C003002A3485 /* Build configuration list for PBXNativeTarget "MotorCade" */;
			buildPhases = (
				8595127C16E2C003002A3485 /* Sources */,
				8595127D16E2C003002A3485 /* Frameworks */,
				8595127E16E2C003002A3485 /* Resources */,
			);
			buildRules = (
			);
			dependencies = (
			);
			name = MotorCade;
			productName = MotorCade;
			productReference = 8595128016E2C003002A3485 /* MotorCade.app */;
			productType = "com.apple.product-type.application";
		};
		859512A516E2C003002A3485 /* MotorCadeTests */ = {
			isa = PBXNativeTarget;
			buildConfigurationList = 859512BB16E2C003002A3485 /* Build configuration list for PBXNativeTarget "MotorCadeTests" */;
			buildPhases = (
				859512A116E2C003002A3485 /* Sources */,
				859512A216E2C003002A3485 /* Frameworks */,
				859512A316E2C003002A3485 /* Resources */,
				859512A416E2C003002A3485 /* ShellScript */,
			);
			buildRules = (
			);
			dependencies = (
				859512AC16E2C003002A3485 /* PBXTargetDependency */,
			);
			name = MotorCadeTests;
			productName = MotorCadeTests;
			productReference = 859512A616E2C003002A3485 /* MotorCadeTests.octest */;
			productType = "com.apple.product-type.bundle";
		};
/* End PBXNativeTarget section */

/* Begin PBXProject section */
		8595127816E2C003002A3485 /* Project object */ = {
			isa = PBXProject;
			attributes = {
				LastUpgradeCheck = 0460;
				ORGANIZATIONNAME = Griffin;
			};
			buildConfigurationList = 8595127B16E2C003002A3485 /* Build configuration list for PBXProject "MotorCade" */;
			compatibilityVersion = "Xcode 3.2";
			developmentRegion = English;
			hasScannedForEncodings = 0;
			knownRegions = (
				en,
			);
			mainGroup = 8595127716E2C003002A3485;
			productRefGroup = 8595128116E2C003002A3485 /* Products */;
			projectDirPath = "";
			projectRoot = "";
			targets = (
				8595127F16E2C003002A3485 /* MotorCade */,
				859512A516E2C003002A3485 /* MotorCadeTests */,
			);
		};
/* End PBXProject section */

/* Begin PBXResourcesBuildPhase section */
		8595127E16E2C003002A3485 /* Resources */ = {
			isa = PBXResourcesBuildPhase;
			buildActionMask = 2147483647;
			files = (
				8595128E16E2C003002A3485 /* InfoPlist.strings in Resources */,
				8595129616E2C003002A3485 /* Default.png in Resources */,
				8595129816E2C003002A3485 /* Default@2x.png in Resources */,
				8595129A16E2C003002A3485 /* Default-568h@2x.png in Resources */,
				8595129D16E2C003002A3485 /* MainStoryboard.storyboard in Resources */,
				859731CD16E3055600F49678 /* Screen Shot 2013-03-02 at 8.10.56 PM.png in Resources */,
				859731CF16E305A400F49678 /* iconSmall.png in Resources */,
				EB7609B716E3F9440064A405 /* small_one.png in Resources */,
				EB7609B816E3F9440064A405 /* small_two.png in Resources */,
				EB7609B916E3F9440064A405 /* small_three.png in Resources */,
				EB7609BA16E3F9440064A405 /* small_four.png in Resources */,
				EB7609BB16E3F9440064A405 /* small_five.png in Resources */,
				EB7609BC16E3F9440064A405 /* small_six.png in Resources */,
				EB7609C316E40A830064A405 /* tour.plist in Resources */,
			);
			runOnlyForDeploymentPostprocessing = 0;
		};
		859512A316E2C003002A3485 /* Resources */ = {
			isa = PBXResourcesBuildPhase;
			buildActionMask = 2147483647;
			files = (
				859512B216E2C003002A3485 /* InfoPlist.strings in Resources */,
				EB7609C416E40A830064A405 /* tour.plist in Resources */,
			);
			runOnlyForDeploymentPostprocessing = 0;
		};
/* End PBXResourcesBuildPhase section */

/* Begin PBXShellScriptBuildPhase section */
		859512A416E2C003002A3485 /* ShellScript */ = {
			isa = PBXShellScriptBuildPhase;
			buildActionMask = 2147483647;
			files = (
			);
			inputPaths = (
			);
			outputPaths = (
			);
			runOnlyForDeploymentPostprocessing = 0;
			shellPath = /bin/sh;
			shellScript = "# Run the unit tests in this test bundle.\n\"${SYSTEM_DEVELOPER_DIR}/Tools/RunUnitTests\"\n";
		};
/* End PBXShellScriptBuildPhase section */

/* Begin PBXSourcesBuildPhase section */
		8595127C16E2C003002A3485 /* Sources */ = {
			isa = PBXSourcesBuildPhase;
			buildActionMask = 2147483647;
			files = (
				8595129016E2C003002A3485 /* main.m in Sources */,
				8595129416E2C003002A3485 /* AppDelegate.m in Sources */,
				859512A016E2C003002A3485 /* ViewController.m in Sources */,
				EB7609C016E404980064A405 /* TourViewController.m in Sources */,
			);
			runOnlyForDeploymentPostprocessing = 0;
		};
		859512A116E2C003002A3485 /* Sources */ = {
			isa = PBXSourcesBuildPhase;
			buildActionMask = 2147483647;
			files = (
				859512B516E2C003002A3485 /* MotorCadeTests.m in Sources */,
				EB7609C116E404980064A405 /* TourViewController.m in Sources */,
			);
			runOnlyForDeploymentPostprocessing = 0;
		};
/* End PBXSourcesBuildPhase section */

/* Begin PBXTargetDependency section */
		859512AC16E2C003002A3485 /* PBXTargetDependency */ = {
			isa = PBXTargetDependency;
			target = 8595127F16E2C003002A3485 /* MotorCade */;
			targetProxy = 859512AB16E2C003002A3485 /* PBXContainerItemProxy */;
		};
/* End PBXTargetDependency section */

/* Begin PBXVariantGroup section */
		8595128C16E2C003002A3485 /* InfoPlist.strings */ = {
			isa = PBXVariantGroup;
			children = (
				8595128D16E2C003002A3485 /* en */,
			);
			name = InfoPlist.strings;
			sourceTree = "<group>";
		};
		8595129B16E2C003002A3485 /* MainStoryboard.storyboard */ = {
			isa = PBXVariantGroup;
			children = (
				8595129C16E2C003002A3485 /* en */,
			);
			name = MainStoryboard.storyboard;
			sourceTree = "<group>";
		};
		859512B016E2C003002A3485 /* InfoPlist.strings */ = {
			isa = PBXVariantGroup;
			children = (
				859512B116E2C003002A3485 /* en */,
			);
			name = InfoPlist.strings;
			sourceTree = "<group>";
		};
/* End PBXVariantGroup section */

/* Begin XCBuildConfiguration section */
		859512B616E2C003002A3485 /* Debug */ = {
			isa = XCBuildConfiguration;
			buildSettings = {
				ALWAYS_SEARCH_USER_PATHS = NO;
				CLANG_CXX_LANGUAGE_STANDARD = "gnu++0x";
				CLANG_CXX_LIBRARY = "libc++";
				CLANG_ENABLE_OBJC_ARC = YES;
				CLANG_WARN_CONSTANT_CONVERSION = YES;
				CLANG_WARN_EMPTY_BODY = YES;
				CLANG_WARN_ENUM_CONVERSION = YES;
				CLANG_WARN_INT_CONVERSION = YES;
				CLANG_WARN__DUPLICATE_METHOD_MATCH = YES;
				"CODE_SIGN_IDENTITY[sdk=iphoneos*]" = "iPhone Developer";
				COPY_PHASE_STRIP = NO;
				GCC_C_LANGUAGE_STANDARD = gnu99;
				GCC_DYNAMIC_NO_PIC = NO;
				GCC_OPTIMIZATION_LEVEL = 0;
				GCC_PREPROCESSOR_DEFINITIONS = (
					"DEBUG=1",
					"$(inherited)",
				);
				GCC_SYMBOLS_PRIVATE_EXTERN = NO;
				GCC_WARN_ABOUT_RETURN_TYPE = YES;
				GCC_WARN_UNINITIALIZED_AUTOS = YES;
				GCC_WARN_UNUSED_VARIABLE = YES;
				IPHONEOS_DEPLOYMENT_TARGET = 6.1;
				ONLY_ACTIVE_ARCH = YES;
				SDKROOT = iphoneos;
			};
			name = Debug;
		};
		859512B716E2C003002A3485 /* Release */ = {
			isa = XCBuildConfiguration;
			buildSettings = {
				ALWAYS_SEARCH_USER_PATHS = NO;
				CLANG_CXX_LANGUAGE_STANDARD = "gnu++0x";
				CLANG_CXX_LIBRARY = "libc++";
				CLANG_ENABLE_OBJC_ARC = YES;
				CLANG_WARN_CONSTANT_CONVERSION = YES;
				CLANG_WARN_EMPTY_BODY = YES;
				CLANG_WARN_ENUM_CONVERSION = YES;
				CLANG_WARN_INT_CONVERSION = YES;
				CLANG_WARN__DUPLICATE_METHOD_MATCH = YES;
				"CODE_SIGN_IDENTITY[sdk=iphoneos*]" = "iPhone Developer";
				COPY_PHASE_STRIP = YES;
				GCC_C_LANGUAGE_STANDARD = gnu99;
				GCC_WARN_ABOUT_RETURN_TYPE = YES;
				GCC_WARN_UNINITIALIZED_AUTOS = YES;
				GCC_WARN_UNUSED_VARIABLE = YES;
				IPHONEOS_DEPLOYMENT_TARGET = 6.1;
				OTHER_CFLAGS = "-DNS_BLOCK_ASSERTIONS=1";
				SDKROOT = iphoneos;
				VALIDATE_PRODUCT = YES;
			};
			name = Release;
		};
		859512B916E2C003002A3485 /* Debug */ = {
			isa = XCBuildConfiguration;
			buildSettings = {
				FRAMEWORK_SEARCH_PATHS = (
					"$(inherited)",
					"\"$(SRCROOT)/MotorCade\"",
				);
				GCC_PRECOMPILE_PREFIX_HEADER = YES;
				GCC_PREFIX_HEADER = "MotorCade/MotorCade-Prefix.pch";
				INFOPLIST_FILE = "MotorCade/MotorCade-Info.plist";
				LIBRARY_SEARCH_PATHS = (
					"$(inherited)",
					"\"$(SRCROOT)/MotorCade\"",
					"\"$(SRCROOT)/MotorCade/Versions/A\"",
					"\"$(SRCROOT)/MotorCade/Versions/Current\"",
					"\"$(SRCROOT)/MotorCade/CardIO\"",
				);
				OTHER_LDFLAGS = (
					"-ObjC",
					"-lstdc++",
				);
				PRODUCT_NAME = "$(TARGET_NAME)";
				WRAPPER_EXTENSION = app;
			};
			name = Debug;
		};
		859512BA16E2C003002A3485 /* Release */ = {
			isa = XCBuildConfiguration;
			buildSettings = {
				FRAMEWORK_SEARCH_PATHS = (
					"$(inherited)",
					"\"$(SRCROOT)/MotorCade\"",
				);
				GCC_PRECOMPILE_PREFIX_HEADER = YES;
				GCC_PREFIX_HEADER = "MotorCade/MotorCade-Prefix.pch";
				INFOPLIST_FILE = "MotorCade/MotorCade-Info.plist";
				LIBRARY_SEARCH_PATHS = (
					"$(inherited)",
					"\"$(SRCROOT)/MotorCade\"",
					"\"$(SRCROOT)/MotorCade/Versions/A\"",
					"\"$(SRCROOT)/MotorCade/Versions/Current\"",
					"\"$(SRCROOT)/MotorCade/CardIO\"",
				);
				OTHER_LDFLAGS = (
					"-ObjC",
					"-lstdc++",
				);
				PRODUCT_NAME = "$(TARGET_NAME)";
				WRAPPER_EXTENSION = app;
			};
			name = Release;
		};
		859512BC16E2C003002A3485 /* Debug */ = {
			isa = XCBuildConfiguration;
			buildSettings = {
				BUNDLE_LOADER = "$(BUILT_PRODUCTS_DIR)/MotorCade.app/MotorCade";
				FRAMEWORK_SEARCH_PATHS = (
					"\"$(SDKROOT)/Developer/Library/Frameworks\"",
					"\"$(DEVELOPER_LIBRARY_DIR)/Frameworks\"",
				);
				GCC_PRECOMPILE_PREFIX_HEADER = YES;
				GCC_PREFIX_HEADER = "MotorCade/MotorCade-Prefix.pch";
				INFOPLIST_FILE = "MotorCadeTests/MotorCadeTests-Info.plist";
				PRODUCT_NAME = "$(TARGET_NAME)";
				TEST_HOST = "$(BUNDLE_LOADER)";
				WRAPPER_EXTENSION = octest;
			};
			name = Debug;
		};
		859512BD16E2C003002A3485 /* Release */ = {
			isa = XCBuildConfiguration;
			buildSettings = {
				BUNDLE_LOADER = "$(BUILT_PRODUCTS_DIR)/MotorCade.app/MotorCade";
				FRAMEWORK_SEARCH_PATHS = (
					"\"$(SDKROOT)/Developer/Library/Frameworks\"",
					"\"$(DEVELOPER_LIBRARY_DIR)/Frameworks\"",
				);
				GCC_PRECOMPILE_PREFIX_HEADER = YES;
				GCC_PREFIX_HEADER = "MotorCade/MotorCade-Prefix.pch";
				INFOPLIST_FILE = "MotorCadeTests/MotorCadeTests-Info.plist";
				PRODUCT_NAME = "$(TARGET_NAME)";
				TEST_HOST = "$(BUNDLE_LOADER)";
				WRAPPER_EXTENSION = octest;
			};
			name = Release;
		};
/* End XCBuildConfiguration section */

/* Begin XCConfigurationList section */
		8595127B16E2C003002A3485 /* Build configuration list for PBXProject "MotorCade" */ = {
			isa = XCConfigurationList;
			buildConfigurations = (
				859512B616E2C003002A3485 /* Debug */,
				859512B716E2C003002A3485 /* Release */,
			);
			defaultConfigurationIsVisible = 0;
			defaultConfigurationName = Release;
		};
		859512B816E2C003002A3485 /* Build configuration list for PBXNativeTarget "MotorCade" */ = {
			isa = XCConfigurationList;
			buildConfigurations = (
				859512B916E2C003002A3485 /* Debug */,
				859512BA16E2C003002A3485 /* Release */,
			);
			defaultConfigurationIsVisible = 0;
			defaultConfigurationName = Release;
		};
		859512BB16E2C003002A3485 /* Build configuration list for PBXNativeTarget "MotorCadeTests" */ = {
			isa = XCConfigurationList;
			buildConfigurations = (
				859512BC16E2C003002A3485 /* Debug */,
				859512BD16E2C003002A3485 /* Release */,
			);
			defaultConfigurationIsVisible = 0;
			defaultConfigurationName = Release;
		};
/* End XCConfigurationList section */
	};
	rootObject = 8595127816E2C003002A3485 /* Project object */;
}
